Microsoft Visual Studio Solution File, Format Version 12.00
# Visual Studio Version 17
VisualStudioVersion = 17.5.2.0
MinimumVisualStudioVersion = 10.0.40219.1
Project("{FAE04EC0-301F-11D3-BF4B-00C04F79EFBC}") = "bruckmanmdb", "bruckmanmdb.csproj", "{B6FE9CA8-799F-6615-7A84-27C42C99F62C}"
EndProject
Global
	GlobalSection(SolutionConfigurationPlatforms) = preSolution
		Debug|Any CPU = Debug|Any CPU
		Release|Any CPU = Release|Any CPU
	EndGlobalSection
	GlobalSection(ProjectConfigurationPlatforms) = postSolution
		{B6FE9CA8-799F-6615-7A84-27C42C99F62C}.Debug|Any CPU.ActiveCfg = Debug|Any CPU
		{B6FE9CA8-799F-6615-7A84-27C42C99F62C}.Debug|Any CPU.Build.0 = Debug|Any CPU
		{B6FE9CA8-799F-6615-7A84-27C42C99F62C}.Release|Any CPU.ActiveCfg = Release|Any CPU
		{B6FE9CA8-799F-6615-7A84-27C42C99F62C}.Release|Any CPU.Build.0 = Release|Any CPU
	EndGlobalSection
	GlobalSection(SolutionProperties) = preSolution
		HideSolutionNode = FALSE
	EndGlobalSection
	GlobalSection(ExtensibilityGlobals) = postSolution
		SolutionGuid = {D011B103-863E-4DDE-97E7-0340F04C8923}
	EndGlobalSection
EndGlobal
